
Microsoft Visual Studio Solution File, Format Version 12.00
# Visual Studio Version 16
VisualStudioVersion = 16.0.30406.217
MinimumVisualStudioVersion = 10.0.40219.1
Project("{FAE04EC0-301F-11D3-BF4B-00C04F79EFBC}") = "MongoData", "MongoData\MongoData.csproj", "{71E85676-3709-4BA7-AB4E-C41864BE7069}"
EndProject
Global
	GlobalSection(SolutionConfigurationPlatforms) = preSolution
		Debug|Any CPU = Debug|Any CPU
		Release|Any CPU = Release|Any CPU
	EndGlobalSection
	GlobalSection(ProjectConfigurationPlatforms) = postSolution
		{71E85676-3709-4BA7-AB4E-C41864BE7069}.Debug|Any CPU.ActiveCfg = Debug|Any CPU
		{71E85676-3709-4BA7-AB4E-C41864BE7069}.Debug|Any CPU.Build.0 = Debug|Any CPU
		{71E85676-3709-4BA7-AB4E-C41864BE7069}.Release|Any CPU.ActiveCfg = Release|Any CPU
		{71E85676-3709-4BA7-AB4E-C41864BE7069}.Release|Any CPU.Build.0 = Release|Any CPU
	EndGlobalSection
	GlobalSection(SolutionProperties) = preSolution
		HideSolutionNode = FALSE
	EndGlobalSection
	GlobalSection(ExtensibilityGlobals) = postSolution
		SolutionGuid = {B6CB2FD8-201A-4B1A-8E14-F8E9C4073E5C}
	EndGlobalSection
EndGlobal
